// !$*UTF8*$!
{
	archiveVersion = 1;
	classes = {
	};
	objectVersion = 56;
	objects = {

/* Begin PBXBuildFile section */
		1989B516298D25DA0027C6EC /* xCode_CloudApp.swift in Sources */ = {isa = PBXBuildFile; fileRef = 1989B515298D25DA0027C6EC /* xCode_CloudApp.swift */; };
		1989B518298D25DA0027C6EC /* ContentView.swift in Sources */ = {isa = PBXBuildFile; fileRef = 1989B517298D25DA0027C6EC /* ContentView.swift */; };
		1989B51A298D25DB0027C6EC /* Assets.xcassets in Resources */ = {isa = PBXBuildFile; fileRef = 1989B519298D25DB0027C6EC /* Assets.xcassets */; };
		1989B51D298D25DB0027C6EC /* Preview Assets.xcassets in Resources */ = {isa = PBXBuildFile; fileRef = 1989B51C298D25DB0027C6EC /* Preview Assets.xcassets */; };
		1989B527298D25DB0027C6EC /* xCode_CloudTests.swift in Sources */ = {isa = PBXBuildFile; fileRef = 1989B526298D25DB0027C6EC /* xCode_CloudTests.swift */; };
		1989B531298D25DB0027C6EC /* xCode_CloudUITests.swift in Sources */ = {isa = PBXBuildFile; fileRef = 1989B530298D25DB0027C6EC /* xCode_CloudUITests.swift */; };
		1989B533298D25DB0027C6EC /* xCode_CloudUITestsLaunchTests.swift in Sources */ = {isa = PBXBuildFile; fileRef = 1989B532298D25DB0027C6EC /* xCode_CloudUITestsLaunchTests.swift */; };
		1989B541299199A70027C6EC /* ContentDetailView.swift in Sources */ = {isa = PBXBuildFile; fileRef = 1989B540299199A70027C6EC /* ContentDetailView.swift */; };
		5FA5FF2029F89084005943A4 /* Jenkinsfile in Resources */ = {isa = PBXBuildFile; fileRef = 5FA5FF1F29F89084005943A4 /* Jenkinsfile */; };
/* End PBXBuildFile section */

/* Begin PBXContainerItemProxy section */
		1989B523298D25DB0027C6EC /* PBXContainerItemProxy */ = {
			isa = PBXContainerItemProxy;
			containerPortal = 1989B50A298D25DA0027C6EC /* Project object */;
			proxyType = 1;
			remoteGlobalIDString = 1989B511298D25DA0027C6EC;
			remoteInfo = "xCode-Cloud";
		};
		1989B52D298D25DB0027C6EC /* PBXContainerItemProxy */ = {
			isa = PBXContainerItemProxy;
			containerPortal = 1989B50A298D25DA0027C6EC /* Project object */;
			proxyType = 1;
			remoteGlobalIDString = 1989B511298D25DA0027C6EC;
			remoteInfo = "xCode-Cloud";
		};
/* End PBXContainerItemProxy section */

/* Begin PBXFileReference section */
		1989B512298D25DA0027C6EC /* xCode-Cloud.app */ = {isa = PBXFileReference; explicitFileType = wrapper.application; includeInIndex = 0; path = "xCode-Cloud.app"; sourceTree = BUILT_PRODUCTS_DIR; };
		1989B515298D25DA0027C6EC /* xCode_CloudApp.swift */ = {isa = PBXFileReference; lastKnownFileType = sourcecode.swift; path = xCode_CloudApp.swift; sourceTree = "<group>"; };
		1989B517298D25DA0027C6EC /* ContentView.swift */ = {isa = PBXFileReference; lastKnownFileType = sourcecode.swift; path = ContentView.swift; sourceTree = "<group>"; };
		1989B519298D25DB0027C6EC /* Assets.xcassets */ = {isa = PBXFileReference; lastKnownFileType = folder.assetcatalog; path = Assets.xcassets; sourceTree = "<group>"; };
		1989B51C298D25DB0027C6EC /* Preview Assets.xcassets */ = {isa = PBXFileReference; lastKnownFileType = folder.assetcatalog; path = "Preview Assets.xcassets"; sourceTree = "<group>"; };
		1989B522298D25DB0027C6EC /* xCode-CloudTests.xctest */ = {isa = PBXFileReference; explicitFileType = wrapper.cfbundle; includeInIndex = 0; path = "xCode-CloudTests.xctest"; sourceTree = BUILT_PRODUCTS_DIR; };
		1989B526298D25DB0027C6EC /* xCode_CloudTests.swift */ = {isa = PBXFileReference; lastKnownFileType = sourcecode.swift; path = xCode_CloudTests.swift; sourceTree = "<group>"; };
		1989B52C298D25DB0027C6EC /* xCode-CloudUITests.xctest */ = {isa = PBXFileReference; explicitFileType = wrapper.cfbundle; includeInIndex = 0; path = "xCode-CloudUITests.xctest"; sourceTree = BUILT_PRODUCTS_DIR; };
		1989B530298D25DB0027C6EC /* xCode_CloudUITests.swift */ = {isa = PBXFileReference; lastKnownFileType = sourcecode.swift; path = xCode_CloudUITests.swift; sourceTree = "<group>"; };
		1989B532298D25DB0027C6EC /* xCode_CloudUITestsLaunchTests.swift */ = {isa = PBXFileReference; lastKnownFileType = sourcecode.swift; path = xCode_CloudUITestsLaunchTests.swift; sourceTree = "<group>"; };
		1989B540299199A70027C6EC /* ContentDetailView.swift */ = {isa = PBXFileReference; lastKnownFileType = sourcecode.swift; path = ContentDetailView.swift; sourceTree = "<group>"; };
		5FA5FF1F29F89084005943A4 /* Jenkinsfile */ = {isa = PBXFileReference; fileEncoding = 4; lastKnownFileType = text; path = Jenkinsfile; sourceTree = "<group>"; };
		5FA5FF2229F8932C005943A4 /* ci_post_clone.sh */ = {isa = PBXFileReference; lastKnownFileType = text.script.sh; path = ci_post_clone.sh; sourceTree = "<group>"; };
		5FA5FF2329F89355005943A4 /* ci_pre_xcodebuild.sh */ = {isa = PBXFileReference; lastKnownFileType = text.script.sh; path = ci_pre_xcodebuild.sh; sourceTree = "<group>"; };
/* End PBXFileReference section */

/* Begin PBXFrameworksBuildPhase section */
		1989B50F298D25DA0027C6EC /* Frameworks */ = {
			isa = PBXFrameworksBuildPhase;
			buildActionMask = 2147483647;
			files = (
			);
			runOnlyForDeploymentPostprocessing = 0;
		};
		1989B51F298D25DB0027C6EC /* Frameworks */ = {
			isa = PBXFrameworksBuildPhase;
			buildActionMask = 2147483647;
			files = (
			);
			runOnlyForDeploymentPostprocessing = 0;
		};
		1989B529298D25DB0027C6EC /* Frameworks */ = {
			isa = PBXFrameworksBuildPhase;
			buildActionMask = 2147483647;
			files = (
			);
			runOnlyForDeploymentPostprocessing = 0;
		};
/* End PBXFrameworksBuildPhase section */

/* Begin PBXGroup section */
		1989B509298D25DA0027C6EC = {
			isa = PBXGroup;
			children = (
				5FA5FF2129F892A1005943A4 /* ci_scripts */,
				5FA5FF1F29F89084005943A4 /* Jenkinsfile */,
				1989B514298D25DA0027C6EC /* xCode-Cloud */,
				1989B525298D25DB0027C6EC /* xCode-CloudTests */,
				1989B52F298D25DB0027C6EC /* xCode-CloudUITests */,
				1989B513298D25DA0027C6EC /* Products */,
			);
			sourceTree = "<group>";
		};
		1989B513298D25DA0027C6EC /* Products */ = {
			isa = PBXGroup;
			children = (
				1989B512298D25DA0027C6EC /* xCode-Cloud.app */,
				1989B522298D25DB0027C6EC /* xCode-CloudTests.xctest */,
				1989B52C298D25DB0027C6EC /* xCode-CloudUITests.xctest */,
			);
			name = Products;
			sourceTree = "<group>";
		};
		1989B514298D25DA0027C6EC /* xCode-Cloud */ = {
			isa = PBXGroup;
			children = (
				1989B515298D25DA0027C6EC /* xCode_CloudApp.swift */,
				1989B517298D25DA0027C6EC /* ContentView.swift */,
				1989B519298D25DB0027C6EC /* Assets.xcassets */,
				1989B51B298D25DB0027C6EC /* Preview Content */,
				1989B540299199A70027C6EC /* ContentDetailView.swift */,
			);
			path = "xCode-Cloud";
			sourceTree = "<group>";
		};
		1989B51B298D25DB0027C6EC /* Preview Content */ = {
			isa = PBXGroup;
			children = (
				1989B51C298D25DB0027C6EC /* Preview Assets.xcassets */,
			);
			path = "Preview Content";
			sourceTree = "<group>";
		};
		1989B525298D25DB0027C6EC /* xCode-CloudTests */ = {
			isa = PBXGroup;
			children = (
				1989B526298D25DB0027C6EC /* xCode_CloudTests.swift */,
			);
			path = "xCode-CloudTests";
			sourceTree = "<group>";
		};
		1989B52F298D25DB0027C6EC /* xCode-CloudUITests */ = {
			isa = PBXGroup;
			children = (
				1989B530298D25DB0027C6EC /* xCode_CloudUITests.swift */,
				1989B532298D25DB0027C6EC /* xCode_CloudUITestsLaunchTests.swift */,
			);
			path = "xCode-CloudUITests";
			sourceTree = "<group>";
		};
		5FA5FF2129F892A1005943A4 /* ci_scripts */ = {
			isa = PBXGroup;
			children = (
				5FA5FF2229F8932C005943A4 /* ci_post_clone.sh */,
				5FA5FF2329F89355005943A4 /* ci_pre_xcodebuild.sh */,
			);
			path = ci_scripts;
			sourceTree = "<group>";
		};
/* End PBXGroup section */

/* Begin PBXNativeTarget section */
		1989B511298D25DA0027C6EC /* xCode-Cloud */ = {
			isa = PBXNativeTarget;
			buildConfigurationList = 1989B536298D25DB0027C6EC /* Build configuration list for PBXNativeTarget "xCode-Cloud" */;
			buildPhases = (
				1989B50E298D25DA0027C6EC /* Sources */,
				1989B50F298D25DA0027C6EC /* Frameworks */,
				1989B510298D25DA0027C6EC /* Resources */,
			);
			buildRules = (
			);
			dependencies = (
			);
			name = "xCode-Cloud";
			productName = "xCode-Cloud";
			productReference = 1989B512298D25DA0027C6EC /* xCode-Cloud.app */;
			productType = "com.apple.product-type.application";
		};
		1989B521298D25DB0027C6EC /* xCode-CloudTests */ = {
			isa = PBXNativeTarget;
			buildConfigurationList = 1989B539298D25DB0027C6EC /* Build configuration list for PBXNativeTarget "xCode-CloudTests" */;
			buildPhases = (
				1989B51E298D25DB0027C6EC /* Sources */,
				1989B51F298D25DB0027C6EC /* Frameworks */,
				1989B520298D25DB0027C6EC /* Resources */,
			);
			buildRules = (
			);
			dependencies = (
				1989B524298D25DB0027C6EC /* PBXTargetDependency */,
			);
			name = "xCode-CloudTests";
			productName = "xCode-CloudTests";
			productReference = 1989B522298D25DB0027C6EC /* xCode-CloudTests.xctest */;
			productType = "com.apple.product-type.bundle.unit-test";
		};
		1989B52B298D25DB0027C6EC /* xCode-CloudUITests */ = {
			isa = PBXNativeTarget;
			buildConfigurationList = 1989B53C298D25DB0027C6EC /* Build configuration list for PBXNativeTarget "xCode-CloudUITests" */;
			buildPhases = (
				1989B528298D25DB0027C6EC /* Sources */,
				1989B529298D25DB0027C6EC /* Frameworks */,
				1989B52A298D25DB0027C6EC /* Resources */,
			);
			buildRules = (
			);
			dependencies = (
				1989B52E298D25DB0027C6EC /* PBXTargetDependency */,
			);
			name = "xCode-CloudUITests";
			productName = "xCode-CloudUITests";
			productReference = 1989B52C298D25DB0027C6EC /* xCode-CloudUITests.xctest */;
			productType = "com.apple.product-type.bundle.ui-testing";
		};
/* End PBXNativeTarget section */

/* Begin PBXProject section */
		1989B50A298D25DA0027C6EC /* Project object */ = {
			isa = PBXProject;
			attributes = {
				BuildIndependentTargetsInParallel = 1;
				LastSwiftUpdateCheck = 1400;
				LastUpgradeCheck = 1400;
				TargetAttributes = {
					1989B511298D25DA0027C6EC = {
						CreatedOnToolsVersion = 14.0.1;
					};
					1989B521298D25DB0027C6EC = {
						CreatedOnToolsVersion = 14.0.1;
						TestTargetID = 1989B511298D25DA0027C6EC;
					};
					1989B52B298D25DB0027C6EC = {
						CreatedOnToolsVersion = 14.0.1;
						TestTargetID = 1989B511298D25DA0027C6EC;
					};
				};
			};
			buildConfigurationList = 1989B50D298D25DA0027C6EC /* Build configuration list for PBXProject "xCode-Cloud" */;
			compatibilityVersion = "Xcode 14.0";
			developmentRegion = en;
			hasScannedForEncodings = 0;
			knownRegions = (
				en,
				Base,
			);
			mainGroup = 1989B509298D25DA0027C6EC;
			packageReferences = (
				1989B53F298DBCF30027C6EC /* XCRemoteSwiftPackageReference "firebase-ios-sdk" */,
			);
			productRefGroup = 1989B513298D25DA0027C6EC /* Products */;
			projectDirPath = "";
			projectRoot = "";
			targets = (
				1989B511298D25DA0027C6EC /* xCode-Cloud */,
				1989B521298D25DB0027C6EC /* xCode-CloudTests */,
				1989B52B298D25DB0027C6EC /* xCode-CloudUITests */,
			);
		};
/* End PBXProject section */

/* Begin PBXResourcesBuildPhase section */
		1989B510298D25DA0027C6EC /* Resources */ = {
			isa = PBXResourcesBuildPhase;
			buildActionMask = 2147483647;
			files = (
				1989B51D298D25DB0027C6EC /* Preview Assets.xcassets in Resources */,
				1989B51A298D25DB0027C6EC /* Assets.xcassets in Resources */,
				5FA5FF2029F89084005943A4 /* Jenkinsfile in Resources */,
			);
			runOnlyForDeploymentPostprocessing = 0;
		};
		1989B520298D25DB0027C6EC /* Resources */ = {
			isa = PBXResourcesBuildPhase;
			buildActionMask = 2147483647;
			files = (
			);
			runOnlyForDeploymentPostprocessing = 0;
		};
		1989B52A298D25DB0027C6EC /* Resources */ = {
			isa = PBXResourcesBuildPhase;
			buildActionMask = 2147483647;
			files = (
			);
			runOnlyForDeploymentPostprocessing = 0;
		};
/* End PBXResourcesBuildPhase section */

/* Begin PBXSourcesBuildPhase section */
		1989B50E298D25DA0027C6EC /* Sources */ = {
			isa = PBXSourcesBuildPhase;
			buildActionMask = 2147483647;
			files = (
				1989B518298D25DA0027C6EC /* ContentView.swift in Sources */,
				1989B541299199A70027C6EC /* ContentDetailView.swift in Sources */,
				1989B516298D25DA0027C6EC /* xCode_CloudApp.swift in Sources */,
			);
			runOnlyForDeploymentPostprocessing = 0;
		};
		1989B51E298D25DB0027C6EC /* Sources */ = {
			isa = PBXSourcesBuildPhase;
			buildActionMask = 2147483647;
			files = (
				1989B527298D25DB0027C6EC /* xCode_CloudTests.swift in Sources */,
			);
			runOnlyForDeploymentPostprocessing = 0;
		};
		1989B528298D25DB0027C6EC /* Sources */ = {
			isa = PBXSourcesBuildPhase;
			buildActionMask = 2147483647;
			files = (
				1989B533298D25DB0027C6EC /* xCode_CloudUITestsLaunchTests.swift in Sources */,
				1989B531298D25DB0027C6EC /* xCode_CloudUITests.swift in Sources */,
			);
			runOnlyForDeploymentPostprocessing = 0;
		};
/* End PBXSourcesBuildPhase section */

/* Begin PBXTargetDependency section */
		1989B524298D25DB0027C6EC /* PBXTargetDependency */ = {
			isa = PBXTargetDependency;
			target = 1989B511298D25DA0027C6EC /* xCode-Cloud */;
			targetProxy = 1989B523298D25DB0027C6EC /* PBXContainerItemProxy */;
		};
		1989B52E298D25DB0027C6EC /* PBXTargetDependency */ = {
			isa = PBXTargetDependency;
			target = 1989B511298D25DA0027C6EC /* xCode-Cloud */;
			targetProxy = 1989B52D298D25DB0027C6EC /* PBXContainerItemProxy */;
		};
/* End PBXTargetDependency section */

/* Begin XCBuildConfiguration section */
		1989B534298D25DB0027C6EC /* Debug */ = {
			isa = XCBuildConfiguration;
			buildSettings = {
				ALWAYS_SEARCH_USER_PATHS = NO;
				CLANG_ANALYZER_NONNULL = YES;
				CLANG_ANALYZER_NUMBER_OBJECT_CONVERSION = YES_AGGRESSIVE;
				CLANG_CXX_LANGUAGE_STANDARD = "gnu++20";
				CLANG_ENABLE_MODULES = YES;
				CLANG_ENABLE_OBJC_ARC = YES;
				CLANG_ENABLE_OBJC_WEAK = YES;
				CLANG_WARN_BLOCK_CAPTURE_AUTORELEASING = YES;
				CLANG_WARN_BOOL_CONVERSION = YES;
				CLANG_WARN_COMMA = YES;
				CLANG_WARN_CONSTANT_CONVERSION = YES;
				CLANG_WARN_DEPRECATED_OBJC_IMPLEMENTATIONS = YES;
				CLANG_WARN_DIRECT_OBJC_ISA_USAGE = YES_ERROR;
				CLANG_WARN_DOCUMENTATION_COMMENTS = YES;
				CLANG_WARN_EMPTY_BODY = YES;
				CLANG_WARN_ENUM_CONVERSION = YES;
				CLANG_WARN_INFINITE_RECURSION = YES;
				CLANG_WARN_INT_CONVERSION = YES;
				CLANG_WARN_NON_LITERAL_NULL_CONVERSION = YES;
				CLANG_WARN_OBJC_IMPLICIT_RETAIN_SELF = YES;
				CLANG_WARN_OBJC_LITERAL_CONVERSION = YES;
				CLANG_WARN_OBJC_ROOT_CLASS = YES_ERROR;
				CLANG_WARN_QUOTED_INCLUDE_IN_FRAMEWORK_HEADER = YES;
				CLANG_WARN_RANGE_LOOP_ANALYSIS = YES;
				CLANG_WARN_STRICT_PROTOTYPES = YES;
				CLANG_WARN_SUSPICIOUS_MOVE = YES;
				CLANG_WARN_UNGUARDED_AVAILABILITY = YES_AGGRESSIVE;
				CLANG_WARN_UNREACHABLE_CODE = YES;
				CLANG_WARN__DUPLICATE_METHOD_MATCH = YES;
				COPY_PHASE_STRIP = NO;
				DEBUG_INFORMATION_FORMAT = dwarf;
				ENABLE_STRICT_OBJC_MSGSEND = YES;
				ENABLE_TESTABILITY = YES;
				GCC_C_LANGUAGE_STANDARD = gnu11;
				GCC_DYNAMIC_NO_PIC = NO;
				GCC_NO_COMMON_BLOCKS = YES;
				GCC_OPTIMIZATION_LEVEL = 0;
				GCC_PREPROCESSOR_DEFINITIONS = (
					"DEBUG=1",
					"$(inherited)",
				);
				GCC_WARN_64_TO_32_BIT_CONVERSION = YES;
				GCC_WARN_ABOUT_RETURN_TYPE = YES_ERROR;
				GCC_WARN_UNDECLARED_SELECTOR = YES;
				GCC_WARN_UNINITIALIZED_AUTOS = YES_AGGRESSIVE;
				GCC_WARN_UNUSED_FUNCTION = YES;
				GCC_WARN_UNUSED_VARIABLE = YES;
				IPHONEOS_DEPLOYMENT_TARGET = 16.0;
				MTL_ENABLE_DEBUG_INFO = INCLUDE_SOURCE;
				MTL_FAST_MATH = YES;
				ONLY_ACTIVE_ARCH = YES;
				SDKROOT = iphoneos;
				SWIFT_ACTIVE_COMPILATION_CONDITIONS = DEBUG;
				SWIFT_OPTIMIZATION_LEVEL = "-Onone";
			};
			name = Debug;
		};
		1989B535298D25DB0027C6EC /* Release */ = {
			isa = XCBuildConfiguration;
			buildSettings = {
				ALWAYS_SEARCH_USER_PATHS = NO;
				CLANG_ANALYZER_NONNULL = YES;
				CLANG_ANALYZER_NUMBER_OBJECT_CONVERSION = YES_AGGRESSIVE;
				CLANG_CXX_LANGUAGE_STANDARD = "gnu++20";
				CLANG_ENABLE_MODULES = YES;
				CLANG_ENABLE_OBJC_ARC = YES;
				CLANG_ENABLE_OBJC_WEAK = YES;
				CLANG_WARN_BLOCK_CAPTURE_AUTORELEASING = YES;
				CLANG_WARN_BOOL_CONVERSION = YES;
				CLANG_WARN_COMMA = YES;
				CLANG_WARN_CONSTANT_CONVERSION = YES;
				CLANG_WARN_DEPRECATED_OBJC_IMPLEMENTATIONS = YES;
				CLANG_WARN_DIRECT_OBJC_ISA_USAGE = YES_ERROR;
				CLANG_WARN_DOCUMENTATION_COMMENTS = YES;
				CLANG_WARN_EMPTY_BODY = YES;
				CLANG_WARN_ENUM_CONVERSION = YES;
				CLANG_WARN_INFINITE_RECURSION = YES;
				CLANG_WARN_INT_CONVERSION = YES;
				CLANG_WARN_NON_LITERAL_NULL_CONVERSION = YES;
				CLANG_WARN_OBJC_IMPLICIT_RETAIN_SELF = YES;
				CLANG_WARN_OBJC_LITERAL_CONVERSION = YES;
				CLANG_WARN_OBJC_ROOT_CLASS = YES_ERROR;
				CLANG_WARN_QUOTED_INCLUDE_IN_FRAMEWORK_HEADER = YES;
				CLANG_WARN_RANGE_LOOP_ANALYSIS = YES;
				CLANG_WARN_STRICT_PROTOTYPES = YES;
				CLANG_WARN_SUSPICIOUS_MOVE = YES;
				CLANG_WARN_UNGUARDED_AVAILABILITY = YES_AGGRESSIVE;
				CLANG_WARN_UNREACHABLE_CODE = YES;
				CLANG_WARN__DUPLICATE_METHOD_MATCH = YES;
				COPY_PHASE_STRIP = NO;
				DEBUG_INFORMATION_FORMAT = "dwarf-with-dsym";
				ENABLE_NS_ASSERTIONS = NO;
				ENABLE_STRICT_OBJC_MSGSEND = YES;
				GCC_C_LANGUAGE_STANDARD = gnu11;
				GCC_NO_COMMON_BLOCKS = YES;
				GCC_WARN_64_TO_32_BIT_CONVERSION = YES;
				GCC_WARN_ABOUT_RETURN_TYPE = YES_ERROR;
				GCC_WARN_UNDECLARED_SELECTOR = YES;
				GCC_WARN_UNINITIALIZED_AUTOS = YES_AGGRESSIVE;
				GCC_WARN_UNUSED_FUNCTION = YES;
				GCC_WARN_UNUSED_VARIABLE = YES;
				IPHONEOS_DEPLOYMENT_TARGET = 16.0;
				MTL_ENABLE_DEBUG_INFO = NO;
				MTL_FAST_MATH = YES;
				SDKROOT = iphoneos;
				SWIFT_COMPILATION_MODE = wholemodule;
				SWIFT_OPTIMIZATION_LEVEL = "-O";
				VALIDATE_PRODUCT = YES;
			};
			name = Release;
		};
		1989B537298D25DB0027C6EC /* Debug */ = {
			isa = XCBuildConfiguration;
			buildSettings = {
				ASSETCATALOG_COMPILER_APPICON_NAME = AppIcon;
				ASSETCATALOG_COMPILER_GLOBAL_ACCENT_COLOR_NAME = AccentColor;
				ASSETCATALOG_COMPILER_INCLUDE_ALL_APPICON_ASSETS = YES;
				CODE_SIGN_STYLE = Automatic;
				CURRENT_PROJECT_VERSION = 1;
				DEVELOPMENT_ASSET_PATHS = "\"xCode-Cloud/Preview Content\"";
				DEVELOPMENT_TEAM = YPM2F5B2XX;
				ENABLE_PREVIEWS = YES;
				GENERATE_INFOPLIST_FILE = YES;
				INFOPLIST_KEY_UIApplicationSceneManifest_Generation = YES;
				INFOPLIST_KEY_UIApplicationSupportsIndirectInputEvents = YES;
				INFOPLIST_KEY_UILaunchScreen_Generation = YES;
				INFOPLIST_KEY_UISupportedInterfaceOrientations_iPad = "UIInterfaceOrientationPortrait UIInterfaceOrientationPortraitUpsideDown UIInterfaceOrientationLandscapeLeft UIInterfaceOrientationLandscapeRight";
				INFOPLIST_KEY_UISupportedInterfaceOrientations_iPhone = "UIInterfaceOrientationPortrait UIInterfaceOrientationLandscapeLeft UIInterfaceOrientationLandscapeRight";
				LD_RUNPATH_SEARCH_PATHS = (
					"$(inherited)",
					"@executable_path/Frameworks",
				);
				MARKETING_VERSION = 1.0;
				PRODUCT_BUNDLE_IDENTIFIER = "com.emregurses.xcloud.xCode-Cloud";
				PRODUCT_NAME = "$(TARGET_NAME)";
				SWIFT_EMIT_LOC_STRINGS = YES;
				SWIFT_VERSION = 5.0;
				TARGETED_DEVICE_FAMILY = "1,2";
			};
			name = Debug;
		};
		1989B538298D25DB0027C6EC /* Release */ = {
			isa = XCBuildConfiguration;
			buildSettings = {
				ASSETCATALOG_COMPILER_APPICON_NAME = AppIcon;
				ASSETCATALOG_COMPILER_GLOBAL_ACCENT_COLOR_NAME = AccentColor;
				ASSETCATALOG_COMPILER_INCLUDE_ALL_APPICON_ASSETS = YES;
				CODE_SIGN_STYLE = Automatic;
				CURRENT_PROJECT_VERSION = 1;
				DEVELOPMENT_ASSET_PATHS = "\"xCode-Cloud/Preview Content\"";
				DEVELOPMENT_TEAM = YPM2F5B2XX;
				ENABLE_PREVIEWS = YES;
				GENERATE_INFOPLIST_FILE = YES;
				INFOPLIST_KEY_UIApplicationSceneManifest_Generation = YES;
				INFOPLIST_KEY_UIApplicationSupportsIndirectInputEvents = YES;
				INFOPLIST_KEY_UILaunchScreen_Generation = YES;
				INFOPLIST_KEY_UISupportedInterfaceOrientations_iPad = "UIInterfaceOrientationPortrait UIInterfaceOrientationPortraitUpsideDown UIInterfaceOrientationLandscapeLeft UIInterfaceOrientationLandscapeRight";
				INFOPLIST_KEY_UISupportedInterfaceOrientations_iPhone = "UIInterfaceOrientationPortrait UIInterfaceOrientationLandscapeLeft UIInterfaceOrientationLandscapeRight";
				LD_RUNPATH_SEARCH_PATHS = (
					"$(inherited)",
					"@executable_path/Frameworks",
				);
				MARKETING_VERSION = 1.0;
				PRODUCT_BUNDLE_IDENTIFIER = "com.emregurses.xcloud.xCode-Cloud";
				PRODUCT_NAME = "$(TARGET_NAME)";
				SWIFT_EMIT_LOC_STRINGS = YES;
				SWIFT_VERSION = 5.0;
				TARGETED_DEVICE_FAMILY = "1,2";
			};
			name = Release;
		};
		1989B53A298D25DB0027C6EC /* Debug */ = {
			isa = XCBuildConfiguration;
			buildSettings = {
				ALWAYS_EMBED_SWIFT_STANDARD_LIBRARIES = YES;
				BUNDLE_LOADER = "$(TEST_HOST)";
				CODE_SIGN_STYLE = Automatic;
				CURRENT_PROJECT_VERSION = 1;
				DEVELOPMENT_TEAM = YPM2F5B2XX;
				GENERATE_INFOPLIST_FILE = YES;
				IPHONEOS_DEPLOYMENT_TARGET = 16.0;
				MARKETING_VERSION = 1.0;
				PRODUCT_BUNDLE_IDENTIFIER = "com.emregurses.xcloud.xCode-CloudTests";
				PRODUCT_NAME = "$(TARGET_NAME)";
				SWIFT_EMIT_LOC_STRINGS = NO;
				SWIFT_VERSION = 5.0;
				TARGETED_DEVICE_FAMILY = "1,2";
				TEST_HOST = "$(BUILT_PRODUCTS_DIR)/xCode-Cloud.app/$(BUNDLE_EXECUTABLE_FOLDER_PATH)/xCode-Cloud";
			};
			name = Debug;
		};
		1989B53B298D25DB0027C6EC /* Release */ = {
			isa = XCBuildConfiguration;
			buildSettings = {
				ALWAYS_EMBED_SWIFT_STANDARD_LIBRARIES = YES;
				BUNDLE_LOADER = "$(TEST_HOST)";
				CODE_SIGN_STYLE = Automatic;
				CURRENT_PROJECT_VERSION = 1;
				DEVELOPMENT_TEAM = YPM2F5B2XX;
				GENERATE_INFOPLIST_FILE = YES;
				IPHONEOS_DEPLOYMENT_TARGET = 16.0;
				MARKETING_VERSION = 1.0;
				PRODUCT_BUNDLE_IDENTIFIER = "com.emregurses.xcloud.xCode-CloudTests";
				PRODUCT_NAME = "$(TARGET_NAME)";
				SWIFT_EMIT_LOC_STRINGS = NO;
				SWIFT_VERSION = 5.0;
				TARGETED_DEVICE_FAMILY = "1,2";
				TEST_HOST = "$(BUILT_PRODUCTS_DIR)/xCode-Cloud.app/$(BUNDLE_EXECUTABLE_FOLDER_PATH)/xCode-Cloud";
			};
			name = Release;
		};
		1989B53D298D25DB0027C6EC /* Debug */ = {
			isa = XCBuildConfiguration;
			buildSettings = {
				ALWAYS_EMBED_SWIFT_STANDARD_LIBRARIES = YES;
				CODE_SIGN_STYLE = Automatic;
				CURRENT_PROJECT_VERSION = 1;
				DEVELOPMENT_TEAM = YPM2F5B2XX;
				GENERATE_INFOPLIST_FILE = YES;
				MARKETING_VERSION = 1.0;
				PRODUCT_BUNDLE_IDENTIFIER = "com.emregurses.xcloud.xCode-CloudUITests";
				PRODUCT_NAME = "$(TARGET_NAME)";
				SWIFT_EMIT_LOC_STRINGS = NO;
				SWIFT_VERSION = 5.0;
				TARGETED_DEVICE_FAMILY = "1,2";
				TEST_TARGET_NAME = "xCode-Cloud";
			};
			name = Debug;
		};
		1989B53E298D25DB0027C6EC /* Release */ = {
			isa = XCBuildConfiguration;
			buildSettings = {
				ALWAYS_EMBED_SWIFT_STANDARD_LIBRARIES = YES;
				CODE_SIGN_STYLE = Automatic;
				CURRENT_PROJECT_VERSION = 1;
				DEVELOPMENT_TEAM = YPM2F5B2XX;
				GENERATE_INFOPLIST_FILE = YES;
				MARKETING_VERSION = 1.0;
				PRODUCT_BUNDLE_IDENTIFIER = "com.emregurses.xcloud.xCode-CloudUITests";
				PRODUCT_NAME = "$(TARGET_NAME)";
				SWIFT_EMIT_LOC_STRINGS = NO;
				SWIFT_VERSION = 5.0;
				TARGETED_DEVICE_FAMILY = "1,2";
				TEST_TARGET_NAME = "xCode-Cloud";
			};
			name = Release;
		};
/* End XCBuildConfiguration section */

/* Begin XCConfigurationList section */
		1989B50D298D25DA0027C6EC /* Build configuration list for PBXProject "xCode-Cloud" */ = {
			isa = XCConfigurationList;
			buildConfigurations = (
				1989B534298D25DB0027C6EC /* Debug */,
				1989B535298D25DB0027C6EC /* Release */,
			);
			defaultConfigurationIsVisible = 0;
			defaultConfigurationName = Release;
		};
		1989B536298D25DB0027C6EC /* Build configuration list for PBXNativeTarget "xCode-Cloud" */ = {
			isa = XCConfigurationList;
			buildConfigurations = (
				1989B537298D25DB0027C6EC /* Debug */,
				1989B538298D25DB0027C6EC /* Release */,
			);
			defaultConfigurationIsVisible = 0;
			defaultConfigurationName = Release;
		};
		1989B539298D25DB0027C6EC /* Build configuration list for PBXNativeTarget "xCode-CloudTests" */ = {
			isa = XCConfigurationList;
			buildConfigurations = (
				1989B53A298D25DB0027C6EC /* Debug */,
				1989B53B298D25DB0027C6EC /* Release */,
			);
			defaultConfigurationIsVisible = 0;
			defaultConfigurationName = Release;
		};
		1989B53C298D25DB0027C6EC /* Build configuration list for PBXNativeTarget "xCode-CloudUITests" */ = {
			isa = XCConfigurationList;
			buildConfigurations = (
				1989B53D298D25DB0027C6EC /* Debug */,
				1989B53E298D25DB0027C6EC /* Release */,
			);
			defaultConfigurationIsVisible = 0;
			defaultConfigurationName = Release;
		};
/* End XCConfigurationList section */

/* Begin XCRemoteSwiftPackageReference section */
		1989B53F298DBCF30027C6EC /* XCRemoteSwiftPackageReference "firebase-ios-sdk" */ = {
			isa = XCRemoteSwiftPackageReference;
			repositoryURL = "https://github.com/firebase/firebase-ios-sdk";
			requirement = {
				kind = upToNextMajorVersion;
				minimumVersion = 9.0.0;
			};
		};
/* End XCRemoteSwiftPackageReference section */
	};
	rootObject = 1989B50A298D25DA0027C6EC /* Project object */;
}
